
Microsoft Visual Studio Solution File, Format Version 12.00
# Visual Studio Version 17
VisualStudioVersion = 17.8.34525.116
MinimumVisualStudioVersion = 10.0.40219.1
Project("{FAE04EC0-301F-11D3-BF4B-00C04F79EFBC}") = "ConsoleApp1", "ConsoleApp1\ConsoleApp1.csproj", "{4551E8E2-2F06-45A7-A53A-B67E09045388}"
EndProject
Global
	GlobalSection(SolutionConfigurationPlatforms) = preSolution
		Debug|Any CPU = Debug|Any CPU
		Release|Any CPU = Release|Any CPU
	EndGlobalSection
	GlobalSection(ProjectConfigurationPlatforms) = postSolution
		{4551E8E2-2F06-45A7-A53A-B67E09045388}.Debug|Any CPU.ActiveCfg = Debug|Any CPU
		{4551E8E2-2F06-45A7-A53A-B67E09045388}.Debug|Any CPU.Build.0 = Debug|Any CPU
		{4551E8E2-2F06-45A7-A53A-B67E09045388}.Release|Any CPU.ActiveCfg = Release|Any CPU
		{4551E8E2-2F06-45A7-A53A-B67E09045388}.Release|Any CPU.Build.0 = Release|Any CPU
	EndGlobalSection
	GlobalSection(SolutionProperties) = preSolution
		HideSolutionNode = FALSE
	EndGlobalSection
	GlobalSection(ExtensibilityGlobals) = postSolution
		SolutionGuid = {2748C7FC-2B98-420B-93D4-79FE415307B8}
	EndGlobalSection
EndGlobal
