
Microsoft Visual Studio Solution File, Format Version 12.00
# Visual Studio Version 17
VisualStudioVersion = 17.8.34525.116
MinimumVisualStudioVersion = 10.0.40219.1
Project("{FAE04EC0-301F-11D3-BF4B-00C04F79EFBC}") = "ConsoleApp4", "ConsoleApp4\ConsoleApp4.csproj", "{97AB69C8-C8D8-4D3F-A7CA-C4ACBA69E451}"
EndProject
Global
	GlobalSection(SolutionConfigurationPlatforms) = preSolution
		Debug|Any CPU = Debug|Any CPU
		Release|Any CPU = Release|Any CPU
	EndGlobalSection
	GlobalSection(ProjectConfigurationPlatforms) = postSolution
		{97AB69C8-C8D8-4D3F-A7CA-C4ACBA69E451}.Debug|Any CPU.ActiveCfg = Debug|Any CPU
		{97AB69C8-C8D8-4D3F-A7CA-C4ACBA69E451}.Debug|Any CPU.Build.0 = Debug|Any CPU
		{97AB69C8-C8D8-4D3F-A7CA-C4ACBA69E451}.Release|Any CPU.ActiveCfg = Release|Any CPU
		{97AB69C8-C8D8-4D3F-A7CA-C4ACBA69E451}.Release|Any CPU.Build.0 = Release|Any CPU
	EndGlobalSection
	GlobalSection(SolutionProperties) = preSolution
		HideSolutionNode = FALSE
	EndGlobalSection
	GlobalSection(ExtensibilityGlobals) = postSolution
		SolutionGuid = {5D2D1EC1-64E3-4539-998C-8D4D115BE4B6}
	EndGlobalSection
EndGlobal
